
Microsoft Visual Studio Solution File, Format Version 12.00
# Visual Studio Version 17
VisualStudioVersion = 17.2.32505.173
MinimumVisualStudioVersion = 10.0.40219.1
Project("{FAE04EC0-301F-11D3-BF4B-00C04F79EFBC}") = "Calculator", "Calculator.csproj", "{8A2EBBD0-216E-4CD5-BA4F-325BF627D052}"
EndProject
Global
	GlobalSection(SolutionConfigurationPlatforms) = preSolution
		Debug|Any CPU = Debug|Any CPU
		Release|Any CPU = Release|Any CPU
	EndGlobalSection
	GlobalSection(ProjectConfigurationPlatforms) = postSolution
		{8A2EBBD0-216E-4CD5-BA4F-325BF627D052}.Debug|Any CPU.ActiveCfg = Debug|Any CPU
		{8A2EBBD0-216E-4CD5-BA4F-325BF627D052}.Debug|Any CPU.Build.0 = Debug|Any CPU
		{8A2EBBD0-216E-4CD5-BA4F-325BF627D052}.Release|Any CPU.ActiveCfg = Release|Any CPU
		{8A2EBBD0-216E-4CD5-BA4F-325BF627D052}.Release|Any CPU.Build.0 = Release|Any CPU
	EndGlobalSection
	GlobalSection(SolutionProperties) = preSolution
		HideSolutionNode = FALSE
	EndGlobalSection
	GlobalSection(ExtensibilityGlobals) = postSolution
		SolutionGuid = {545D5C04-0F92-490A-A90E-9BBBD1B81E88}
	EndGlobalSection
EndGlobal
